// !$*UTF8*$!
{
	archiveVersion = 1;
	classes = {
	};
	objectVersion = 56;
	objects = {

/* Begin PBXBuildFile section */
		EC17370F2AB2E22E0007E41E /* ResultPhase.swift in Sources */ = {isa = PBXBuildFile; fileRef = EC17370E2AB2E22E0007E41E /* ResultPhase.swift */; };
		EC1737142AB2FAF80007E41E /* Localizable.strings in Resources */ = {isa = PBXBuildFile; fileRef = EC1737162AB2FAF80007E41E /* Localizable.strings */; };
		EC1737192AB2FB370007E41E /* LocalizableText.swift in Sources */ = {isa = PBXBuildFile; fileRef = EC1737182AB2FB370007E41E /* LocalizableText.swift */; };
		ECE973492AB2099A00E4F036 /* PokemonListsApp.swift in Sources */ = {isa = PBXBuildFile; fileRef = ECE973482AB2099A00E4F036 /* PokemonListsApp.swift */; };
		ECE973522AB2099C00E4F036 /* Assets.xcassets in Resources */ = {isa = PBXBuildFile; fileRef = ECE973512AB2099C00E4F036 /* Assets.xcassets */; };
		ECE973562AB2099C00E4F036 /* Preview Assets.xcassets in Resources */ = {isa = PBXBuildFile; fileRef = ECE973552AB2099C00E4F036 /* Preview Assets.xcassets */; };
		ECE9737F2AB209DA00E4F036 /* PokemonListsViewModelTests.swift in Sources */ = {isa = PBXBuildFile; fileRef = ECE9737E2AB209DA00E4F036 /* PokemonListsViewModelTests.swift */; };
		ECE973892AB20A6900E4F036 /* PokemonListsView.swift in Sources */ = {isa = PBXBuildFile; fileRef = ECE973882AB20A6900E4F036 /* PokemonListsView.swift */; };
		ECE9738C2AB20A7D00E4F036 /* PokemonListsViewModel.swift in Sources */ = {isa = PBXBuildFile; fileRef = ECE9738B2AB20A7D00E4F036 /* PokemonListsViewModel.swift */; };
		ECE973902AB20CB900E4F036 /* PokemonDetailViewModel.swift in Sources */ = {isa = PBXBuildFile; fileRef = ECE9738F2AB20CB900E4F036 /* PokemonDetailViewModel.swift */; };
		ECE973932AB20CD300E4F036 /* PokemonDetailView.swift in Sources */ = {isa = PBXBuildFile; fileRef = ECE973922AB20CD300E4F036 /* PokemonDetailView.swift */; };
		ECE973972AB20CFD00E4F036 /* MyPokemonView.swift in Sources */ = {isa = PBXBuildFile; fileRef = ECE973962AB20CFD00E4F036 /* MyPokemonView.swift */; };
		ECE9739A2AB20D9600E4F036 /* MyPokemonViewModel.swift in Sources */ = {isa = PBXBuildFile; fileRef = ECE973992AB20D9600E4F036 /* MyPokemonViewModel.swift */; };
		ECE9739F2AB20ECA00E4F036 /* PokemonDetailViewModelTests.swift in Sources */ = {isa = PBXBuildFile; fileRef = ECE9739E2AB20ECA00E4F036 /* PokemonDetailViewModelTests.swift */; };
		ECE973A22AB20EF600E4F036 /* MyPokemonViewModelTests.swift in Sources */ = {isa = PBXBuildFile; fileRef = ECE973A12AB20EF600E4F036 /* MyPokemonViewModelTests.swift */; };
		ECE973AA2AB2C25800E4F036 /* PokemonDataSource in Frameworks */ = {isa = PBXBuildFile; productRef = ECE973A92AB2C25800E4F036 /* PokemonDataSource */; };
		ECE973AC2AB2C25800E4F036 /* PokemonExtensions in Frameworks */ = {isa = PBXBuildFile; productRef = ECE973AB2AB2C25800E4F036 /* PokemonExtensions */; };
/* End PBXBuildFile section */

/* Begin PBXContainerItemProxy section */
		ECE973802AB209DA00E4F036 /* PBXContainerItemProxy */ = {
			isa = PBXContainerItemProxy;
			containerPortal = ECE9733D2AB2099A00E4F036 /* Project object */;
			proxyType = 1;
			remoteGlobalIDString = ECE973442AB2099A00E4F036;
			remoteInfo = PokemonLists;
		};
/* End PBXContainerItemProxy section */

/* Begin PBXFileReference section */
		EC17370E2AB2E22E0007E41E /* ResultPhase.swift */ = {isa = PBXFileReference; lastKnownFileType = sourcecode.swift; path = ResultPhase.swift; sourceTree = "<group>"; };
		EC1737152AB2FAF80007E41E /* en */ = {isa = PBXFileReference; lastKnownFileType = text.plist.strings; name = en; path = en.lproj/Localizable.strings; sourceTree = "<group>"; };
		EC1737172AB2FB120007E41E /* id */ = {isa = PBXFileReference; lastKnownFileType = text.plist.strings; name = id; path = id.lproj/Localizable.strings; sourceTree = "<group>"; };
		EC1737182AB2FB370007E41E /* LocalizableText.swift */ = {isa = PBXFileReference; lastKnownFileType = sourcecode.swift; path = LocalizableText.swift; sourceTree = "<group>"; };
		ECE973452AB2099A00E4F036 /* PokemonLists.app */ = {isa = PBXFileReference; explicitFileType = wrapper.application; includeInIndex = 0; path = PokemonLists.app; sourceTree = BUILT_PRODUCTS_DIR; };
		ECE973482AB2099A00E4F036 /* PokemonListsApp.swift */ = {isa = PBXFileReference; lastKnownFileType = sourcecode.swift; path = PokemonListsApp.swift; sourceTree = "<group>"; };
		ECE973512AB2099C00E4F036 /* Assets.xcassets */ = {isa = PBXFileReference; lastKnownFileType = folder.assetcatalog; path = Assets.xcassets; sourceTree = "<group>"; };
		ECE973532AB2099C00E4F036 /* PokemonLists.entitlements */ = {isa = PBXFileReference; lastKnownFileType = text.plist.entitlements; path = PokemonLists.entitlements; sourceTree = "<group>"; };
		ECE973552AB2099C00E4F036 /* Preview Assets.xcassets */ = {isa = PBXFileReference; lastKnownFileType = folder.assetcatalog; path = "Preview Assets.xcassets"; sourceTree = "<group>"; };
		ECE9737C2AB209DA00E4F036 /* PokemonListsTests.xctest */ = {isa = PBXFileReference; explicitFileType = wrapper.cfbundle; includeInIndex = 0; path = PokemonListsTests.xctest; sourceTree = BUILT_PRODUCTS_DIR; };
		ECE9737E2AB209DA00E4F036 /* PokemonListsViewModelTests.swift */ = {isa = PBXFileReference; lastKnownFileType = sourcecode.swift; path = PokemonListsViewModelTests.swift; sourceTree = "<group>"; };
		ECE973882AB20A6900E4F036 /* PokemonListsView.swift */ = {isa = PBXFileReference; lastKnownFileType = sourcecode.swift; path = PokemonListsView.swift; sourceTree = "<group>"; };
		ECE9738B2AB20A7D00E4F036 /* PokemonListsViewModel.swift */ = {isa = PBXFileReference; lastKnownFileType = sourcecode.swift; path = PokemonListsViewModel.swift; sourceTree = "<group>"; };
		ECE9738F2AB20CB900E4F036 /* PokemonDetailViewModel.swift */ = {isa = PBXFileReference; lastKnownFileType = sourcecode.swift; path = PokemonDetailViewModel.swift; sourceTree = "<group>"; };
		ECE973922AB20CD300E4F036 /* PokemonDetailView.swift */ = {isa = PBXFileReference; lastKnownFileType = sourcecode.swift; path = PokemonDetailView.swift; sourceTree = "<group>"; };
		ECE973962AB20CFD00E4F036 /* MyPokemonView.swift */ = {isa = PBXFileReference; lastKnownFileType = sourcecode.swift; path = MyPokemonView.swift; sourceTree = "<group>"; };
		ECE973992AB20D9600E4F036 /* MyPokemonViewModel.swift */ = {isa = PBXFileReference; lastKnownFileType = sourcecode.swift; path = MyPokemonViewModel.swift; sourceTree = "<group>"; };
		ECE9739E2AB20ECA00E4F036 /* PokemonDetailViewModelTests.swift */ = {isa = PBXFileReference; lastKnownFileType = sourcecode.swift; path = PokemonDetailViewModelTests.swift; sourceTree = "<group>"; };
		ECE973A12AB20EF600E4F036 /* MyPokemonViewModelTests.swift */ = {isa = PBXFileReference; lastKnownFileType = sourcecode.swift; path = MyPokemonViewModelTests.swift; sourceTree = "<group>"; };
/* End PBXFileReference section */

/* Begin PBXFrameworksBuildPhase section */
		ECE973422AB2099A00E4F036 /* Frameworks */ = {
			isa = PBXFrameworksBuildPhase;
			buildActionMask = 2147483647;
			files = (
				ECE973AC2AB2C25800E4F036 /* PokemonExtensions in Frameworks */,
				ECE973AA2AB2C25800E4F036 /* PokemonDataSource in Frameworks */,
			);
			runOnlyForDeploymentPostprocessing = 0;
		};
		ECE973792AB209DA00E4F036 /* Frameworks */ = {
			isa = PBXFrameworksBuildPhase;
			buildActionMask = 2147483647;
			files = (
			);
			runOnlyForDeploymentPostprocessing = 0;
		};
/* End PBXFrameworksBuildPhase section */

/* Begin PBXGroup section */
		EC17370D2AB2E21E0007E41E /* Enum */ = {
			isa = PBXGroup;
			children = (
				EC17370E2AB2E22E0007E41E /* ResultPhase.swift */,
			);
			path = Enum;
			sourceTree = "<group>";
		};
		EC1737102AB2FAD30007E41E /* LocalizableText */ = {
			isa = PBXGroup;
			children = (
				EC1737112AB2FAE90007E41E /* String */,
				EC1737182AB2FB370007E41E /* LocalizableText.swift */,
			);
			path = LocalizableText;
			sourceTree = "<group>";
		};
		EC1737112AB2FAE90007E41E /* String */ = {
			isa = PBXGroup;
			children = (
				EC1737162AB2FAF80007E41E /* Localizable.strings */,
			);
			path = String;
			sourceTree = "<group>";
		};
		ECE9733C2AB2099A00E4F036 = {
			isa = PBXGroup;
			children = (
				ECE973472AB2099A00E4F036 /* PokemonLists */,
				ECE9737D2AB209DA00E4F036 /* PokemonListsTests */,
				ECE973462AB2099A00E4F036 /* Products */,
				ECE973A82AB2C25800E4F036 /* Frameworks */,
			);
			sourceTree = "<group>";
		};
		ECE973462AB2099A00E4F036 /* Products */ = {
			isa = PBXGroup;
			children = (
				ECE973452AB2099A00E4F036 /* PokemonLists.app */,
				ECE9737C2AB209DA00E4F036 /* PokemonListsTests.xctest */,
			);
			name = Products;
			sourceTree = "<group>";
		};
		ECE973472AB2099A00E4F036 /* PokemonLists */ = {
			isa = PBXGroup;
			children = (
				ECE973942AB20CE200E4F036 /* MyPokemon */,
				ECE9738D2AB20C9A00E4F036 /* PokemonDetail */,
				ECE973862AB20A5400E4F036 /* PokemonLists */,
				ECE973A72AB20F4900E4F036 /* Common */,
				ECE973542AB2099C00E4F036 /* Preview Content */,
			);
			path = PokemonLists;
			sourceTree = "<group>";
		};
		ECE973542AB2099C00E4F036 /* Preview Content */ = {
			isa = PBXGroup;
			children = (
				ECE973552AB2099C00E4F036 /* Preview Assets.xcassets */,
			);
			path = "Preview Content";
			sourceTree = "<group>";
		};
		ECE9737D2AB209DA00E4F036 /* PokemonListsTests */ = {
			isa = PBXGroup;
			children = (
				ECE973A02AB20EE100E4F036 /* MyPokemon */,
				ECE9739D2AB20EAE00E4F036 /* PokemonDetail */,
				ECE973852AB209E600E4F036 /* PokemonLists */,
			);
			path = PokemonListsTests;
			sourceTree = "<group>";
		};
		ECE973852AB209E600E4F036 /* PokemonLists */ = {
			isa = PBXGroup;
			children = (
				ECE9737E2AB209DA00E4F036 /* PokemonListsViewModelTests.swift */,
			);
			path = PokemonLists;
			sourceTree = "<group>";
		};
		ECE973862AB20A5400E4F036 /* PokemonLists */ = {
			isa = PBXGroup;
			children = (
				ECE9738A2AB20A6C00E4F036 /* ViewModel */,
				ECE973872AB20A5E00E4F036 /* View */,
			);
			path = PokemonLists;
			sourceTree = "<group>";
		};
		ECE973872AB20A5E00E4F036 /* View */ = {
			isa = PBXGroup;
			children = (
				ECE973882AB20A6900E4F036 /* PokemonListsView.swift */,
			);
			path = View;
			sourceTree = "<group>";
		};
		ECE9738A2AB20A6C00E4F036 /* ViewModel */ = {
			isa = PBXGroup;
			children = (
				ECE9738B2AB20A7D00E4F036 /* PokemonListsViewModel.swift */,
			);
			path = ViewModel;
			sourceTree = "<group>";
		};
		ECE9738D2AB20C9A00E4F036 /* PokemonDetail */ = {
			isa = PBXGroup;
			children = (
				ECE973912AB20CC800E4F036 /* View */,
				ECE9738E2AB20CA700E4F036 /* ViewModel */,
			);
			path = PokemonDetail;
			sourceTree = "<group>";
		};
		ECE9738E2AB20CA700E4F036 /* ViewModel */ = {
			isa = PBXGroup;
			children = (
				ECE9738F2AB20CB900E4F036 /* PokemonDetailViewModel.swift */,
			);
			path = ViewModel;
			sourceTree = "<group>";
		};
		ECE973912AB20CC800E4F036 /* View */ = {
			isa = PBXGroup;
			children = (
				ECE973922AB20CD300E4F036 /* PokemonDetailView.swift */,
			);
			path = View;
			sourceTree = "<group>";
		};
		ECE973942AB20CE200E4F036 /* MyPokemon */ = {
			isa = PBXGroup;
			children = (
				ECE973982AB20D0100E4F036 /* ViewModel */,
				ECE973952AB20CF400E4F036 /* View */,
			);
			path = MyPokemon;
			sourceTree = "<group>";
		};
		ECE973952AB20CF400E4F036 /* View */ = {
			isa = PBXGroup;
			children = (
				ECE973962AB20CFD00E4F036 /* MyPokemonView.swift */,
			);
			path = View;
			sourceTree = "<group>";
		};
		ECE973982AB20D0100E4F036 /* ViewModel */ = {
			isa = PBXGroup;
			children = (
				ECE973992AB20D9600E4F036 /* MyPokemonViewModel.swift */,
			);
			path = ViewModel;
			sourceTree = "<group>";
		};
		ECE9739D2AB20EAE00E4F036 /* PokemonDetail */ = {
			isa = PBXGroup;
			children = (
				ECE9739E2AB20ECA00E4F036 /* PokemonDetailViewModelTests.swift */,
			);
			path = PokemonDetail;
			sourceTree = "<group>";
		};
		ECE973A02AB20EE100E4F036 /* MyPokemon */ = {
			isa = PBXGroup;
			children = (
				ECE973A12AB20EF600E4F036 /* MyPokemonViewModelTests.swift */,
			);
			path = MyPokemon;
			sourceTree = "<group>";
		};
		ECE973A32AB20F1400E4F036 /* Base */ = {
			isa = PBXGroup;
			children = (
				ECE973482AB2099A00E4F036 /* PokemonListsApp.swift */,
			);
			path = Base;
			sourceTree = "<group>";
		};
		ECE973A52AB20F3400E4F036 /* Entitlements */ = {
			isa = PBXGroup;
			children = (
				ECE973532AB2099C00E4F036 /* PokemonLists.entitlements */,
			);
			path = Entitlements;
			sourceTree = "<group>";
		};
		ECE973A62AB20F3C00E4F036 /* Resources */ = {
			isa = PBXGroup;
			children = (
				EC1737102AB2FAD30007E41E /* LocalizableText */,
				ECE973512AB2099C00E4F036 /* Assets.xcassets */,
			);
			path = Resources;
			sourceTree = "<group>";
		};
		ECE973A72AB20F4900E4F036 /* Common */ = {
			isa = PBXGroup;
			children = (
				EC17370D2AB2E21E0007E41E /* Enum */,
				ECE973A52AB20F3400E4F036 /* Entitlements */,
				ECE973A32AB20F1400E4F036 /* Base */,
				ECE973A62AB20F3C00E4F036 /* Resources */,
			);
			path = Common;
			sourceTree = "<group>";
		};
		ECE973A82AB2C25800E4F036 /* Frameworks */ = {
			isa = PBXGroup;
			children = (
			);
			name = Frameworks;
			sourceTree = "<group>";
		};
/* End PBXGroup section */

/* Begin PBXNativeTarget section */
		ECE973442AB2099A00E4F036 /* PokemonLists */ = {
			isa = PBXNativeTarget;
			buildConfigurationList = ECE9736F2AB2099C00E4F036 /* Build configuration list for PBXNativeTarget "PokemonLists" */;
			buildPhases = (
				ECE973412AB2099A00E4F036 /* Sources */,
				ECE973422AB2099A00E4F036 /* Frameworks */,
				ECE973432AB2099A00E4F036 /* Resources */,
			);
			buildRules = (
			);
			dependencies = (
			);
			name = PokemonLists;
			packageProductDependencies = (
				ECE973A92AB2C25800E4F036 /* PokemonDataSource */,
				ECE973AB2AB2C25800E4F036 /* PokemonExtensions */,
			);
			productName = PokemonLists;
			productReference = ECE973452AB2099A00E4F036 /* PokemonLists.app */;
			productType = "com.apple.product-type.application";
		};
		ECE9737B2AB209DA00E4F036 /* PokemonListsTests */ = {
			isa = PBXNativeTarget;
			buildConfigurationList = ECE973822AB209DA00E4F036 /* Build configuration list for PBXNativeTarget "PokemonListsTests" */;
			buildPhases = (
				ECE973782AB209DA00E4F036 /* Sources */,
				ECE973792AB209DA00E4F036 /* Frameworks */,
				ECE9737A2AB209DA00E4F036 /* Resources */,
			);
			buildRules = (
			);
			dependencies = (
				ECE973812AB209DA00E4F036 /* PBXTargetDependency */,
			);
			name = PokemonListsTests;
			productName = PokemonListsTests;
			productReference = ECE9737C2AB209DA00E4F036 /* PokemonListsTests.xctest */;
			productType = "com.apple.product-type.bundle.unit-test";
		};
/* End PBXNativeTarget section */

/* Begin PBXProject section */
		ECE9733D2AB2099A00E4F036 /* Project object */ = {
			isa = PBXProject;
			attributes = {
				BuildIndependentTargetsInParallel = 1;
				LastSwiftUpdateCheck = 1430;
				LastUpgradeCheck = 1430;
				TargetAttributes = {
					ECE973442AB2099A00E4F036 = {
						CreatedOnToolsVersion = 14.3.1;
					};
					ECE9737B2AB209DA00E4F036 = {
						CreatedOnToolsVersion = 14.3.1;
						TestTargetID = ECE973442AB2099A00E4F036;
					};
				};
			};
			buildConfigurationList = ECE973402AB2099A00E4F036 /* Build configuration list for PBXProject "PokemonLists" */;
			compatibilityVersion = "Xcode 14.0";
			developmentRegion = en;
			hasScannedForEncodings = 0;
			knownRegions = (
				en,
				Base,
				id,
			);
			mainGroup = ECE9733C2AB2099A00E4F036;
			productRefGroup = ECE973462AB2099A00E4F036 /* Products */;
			projectDirPath = "";
			projectRoot = "";
			targets = (
				ECE973442AB2099A00E4F036 /* PokemonLists */,
				ECE9737B2AB209DA00E4F036 /* PokemonListsTests */,
			);
		};
/* End PBXProject section */

/* Begin PBXResourcesBuildPhase section */
		ECE973432AB2099A00E4F036 /* Resources */ = {
			isa = PBXResourcesBuildPhase;
			buildActionMask = 2147483647;
			files = (
				ECE973562AB2099C00E4F036 /* Preview Assets.xcassets in Resources */,
				EC1737142AB2FAF80007E41E /* Localizable.strings in Resources */,
				ECE973522AB2099C00E4F036 /* Assets.xcassets in Resources */,
			);
			runOnlyForDeploymentPostprocessing = 0;
		};
		ECE9737A2AB209DA00E4F036 /* Resources */ = {
			isa = PBXResourcesBuildPhase;
			buildActionMask = 2147483647;
			files = (
			);
			runOnlyForDeploymentPostprocessing = 0;
		};
/* End PBXResourcesBuildPhase section */

/* Begin PBXSourcesBuildPhase section */
		ECE973412AB2099A00E4F036 /* Sources */ = {
			isa = PBXSourcesBuildPhase;
			buildActionMask = 2147483647;
			files = (
				ECE973492AB2099A00E4F036 /* PokemonListsApp.swift in Sources */,
				ECE973932AB20CD300E4F036 /* PokemonDetailView.swift in Sources */,
				ECE9739A2AB20D9600E4F036 /* MyPokemonViewModel.swift in Sources */,
				ECE973972AB20CFD00E4F036 /* MyPokemonView.swift in Sources */,
				EC17370F2AB2E22E0007E41E /* ResultPhase.swift in Sources */,
				ECE973892AB20A6900E4F036 /* PokemonListsView.swift in Sources */,
				ECE973902AB20CB900E4F036 /* PokemonDetailViewModel.swift in Sources */,
				ECE9738C2AB20A7D00E4F036 /* PokemonListsViewModel.swift in Sources */,
				EC1737192AB2FB370007E41E /* LocalizableText.swift in Sources */,
			);
			runOnlyForDeploymentPostprocessing = 0;
		};
		ECE973782AB209DA00E4F036 /* Sources */ = {
			isa = PBXSourcesBuildPhase;
			buildActionMask = 2147483647;
			files = (
				ECE9737F2AB209DA00E4F036 /* PokemonListsViewModelTests.swift in Sources */,
				ECE9739F2AB20ECA00E4F036 /* PokemonDetailViewModelTests.swift in Sources */,
				ECE973A22AB20EF600E4F036 /* MyPokemonViewModelTests.swift in Sources */,
			);
			runOnlyForDeploymentPostprocessing = 0;
		};
/* End PBXSourcesBuildPhase section */

/* Begin PBXTargetDependency section */
		ECE973812AB209DA00E4F036 /* PBXTargetDependency */ = {
			isa = PBXTargetDependency;
			target = ECE973442AB2099A00E4F036 /* PokemonLists */;
			targetProxy = ECE973802AB209DA00E4F036 /* PBXContainerItemProxy */;
		};
/* End PBXTargetDependency section */

/* Begin PBXVariantGroup section */
		EC1737162AB2FAF80007E41E /* Localizable.strings */ = {
			isa = PBXVariantGroup;
			children = (
				EC1737152AB2FAF80007E41E /* en */,
				EC1737172AB2FB120007E41E /* id */,
			);
			name = Localizable.strings;
			sourceTree = "<group>";
		};
/* End PBXVariantGroup section */

/* Begin XCBuildConfiguration section */
		ECE9736D2AB2099C00E4F036 /* Debug */ = {
			isa = XCBuildConfiguration;
			buildSettings = {
				ALWAYS_SEARCH_USER_PATHS = NO;
				CLANG_ANALYZER_LOCALIZABILITY_NONLOCALIZED = YES;
				CLANG_ANALYZER_NONNULL = YES;
				CLANG_ANALYZER_NUMBER_OBJECT_CONVERSION = YES_AGGRESSIVE;
				CLANG_CXX_LANGUAGE_STANDARD = "gnu++20";
				CLANG_ENABLE_MODULES = YES;
				CLANG_ENABLE_OBJC_ARC = YES;
				CLANG_ENABLE_OBJC_WEAK = YES;
				CLANG_WARN_BLOCK_CAPTURE_AUTORELEASING = YES;
				CLANG_WARN_BOOL_CONVERSION = YES;
				CLANG_WARN_COMMA = YES;
				CLANG_WARN_CONSTANT_CONVERSION = YES;
				CLANG_WARN_DEPRECATED_OBJC_IMPLEMENTATIONS = YES;
				CLANG_WARN_DIRECT_OBJC_ISA_USAGE = YES_ERROR;
				CLANG_WARN_DOCUMENTATION_COMMENTS = YES;
				CLANG_WARN_EMPTY_BODY = YES;
				CLANG_WARN_ENUM_CONVERSION = YES;
				CLANG_WARN_INFINITE_RECURSION = YES;
				CLANG_WARN_INT_CONVERSION = YES;
				CLANG_WARN_NON_LITERAL_NULL_CONVERSION = YES;
				CLANG_WARN_OBJC_IMPLICIT_RETAIN_SELF = YES;
				CLANG_WARN_OBJC_LITERAL_CONVERSION = YES;
				CLANG_WARN_OBJC_ROOT_CLASS = YES_ERROR;
				CLANG_WARN_QUOTED_INCLUDE_IN_FRAMEWORK_HEADER = YES;
				CLANG_WARN_RANGE_LOOP_ANALYSIS = YES;
				CLANG_WARN_STRICT_PROTOTYPES = YES;
				CLANG_WARN_SUSPICIOUS_MOVE = YES;
				CLANG_WARN_UNGUARDED_AVAILABILITY = YES_AGGRESSIVE;
				CLANG_WARN_UNREACHABLE_CODE = YES;
				CLANG_WARN__DUPLICATE_METHOD_MATCH = YES;
				COPY_PHASE_STRIP = NO;
				DEBUG_INFORMATION_FORMAT = dwarf;
				ENABLE_STRICT_OBJC_MSGSEND = YES;
				ENABLE_TESTABILITY = YES;
				GCC_C_LANGUAGE_STANDARD = gnu11;
				GCC_DYNAMIC_NO_PIC = NO;
				GCC_NO_COMMON_BLOCKS = YES;
				GCC_OPTIMIZATION_LEVEL = 0;
				GCC_PREPROCESSOR_DEFINITIONS = (
					"DEBUG=1",
					"$(inherited)",
				);
				GCC_WARN_64_TO_32_BIT_CONVERSION = YES;
				GCC_WARN_ABOUT_RETURN_TYPE = YES_ERROR;
				GCC_WARN_UNDECLARED_SELECTOR = YES;
				GCC_WARN_UNINITIALIZED_AUTOS = YES_AGGRESSIVE;
				GCC_WARN_UNUSED_FUNCTION = YES;
				GCC_WARN_UNUSED_VARIABLE = YES;
				MTL_ENABLE_DEBUG_INFO = INCLUDE_SOURCE;
				MTL_FAST_MATH = YES;
				ONLY_ACTIVE_ARCH = YES;
				SWIFT_ACTIVE_COMPILATION_CONDITIONS = DEBUG;
				SWIFT_OPTIMIZATION_LEVEL = "-Onone";
			};
			name = Debug;
		};
		ECE9736E2AB2099C00E4F036 /* Release */ = {
			isa = XCBuildConfiguration;
			buildSettings = {
				ALWAYS_SEARCH_USER_PATHS = NO;
				CLANG_ANALYZER_LOCALIZABILITY_NONLOCALIZED = YES;
				CLANG_ANALYZER_NONNULL = YES;
				CLANG_ANALYZER_NUMBER_OBJECT_CONVERSION = YES_AGGRESSIVE;
				CLANG_CXX_LANGUAGE_STANDARD = "gnu++20";
				CLANG_ENABLE_MODULES = YES;
				CLANG_ENABLE_OBJC_ARC = YES;
				CLANG_ENABLE_OBJC_WEAK = YES;
				CLANG_WARN_BLOCK_CAPTURE_AUTORELEASING = YES;
				CLANG_WARN_BOOL_CONVERSION = YES;
				CLANG_WARN_COMMA = YES;
				CLANG_WARN_CONSTANT_CONVERSION = YES;
				CLANG_WARN_DEPRECATED_OBJC_IMPLEMENTATIONS = YES;
				CLANG_WARN_DIRECT_OBJC_ISA_USAGE = YES_ERROR;
				CLANG_WARN_DOCUMENTATION_COMMENTS = YES;
				CLANG_WARN_EMPTY_BODY = YES;
				CLANG_WARN_ENUM_CONVERSION = YES;
				CLANG_WARN_INFINITE_RECURSION = YES;
				CLANG_WARN_INT_CONVERSION = YES;
				CLANG_WARN_NON_LITERAL_NULL_CONVERSION = YES;
				CLANG_WARN_OBJC_IMPLICIT_RETAIN_SELF = YES;
				CLANG_WARN_OBJC_LITERAL_CONVERSION = YES;
				CLANG_WARN_OBJC_ROOT_CLASS = YES_ERROR;
				CLANG_WARN_QUOTED_INCLUDE_IN_FRAMEWORK_HEADER = YES;
				CLANG_WARN_RANGE_LOOP_ANALYSIS = YES;
				CLANG_WARN_STRICT_PROTOTYPES = YES;
				CLANG_WARN_SUSPICIOUS_MOVE = YES;
				CLANG_WARN_UNGUARDED_AVAILABILITY = YES_AGGRESSIVE;
				CLANG_WARN_UNREACHABLE_CODE = YES;
				CLANG_WARN__DUPLICATE_METHOD_MATCH = YES;
				COPY_PHASE_STRIP = NO;
				DEBUG_INFORMATION_FORMAT = "dwarf-with-dsym";
				ENABLE_NS_ASSERTIONS = NO;
				ENABLE_STRICT_OBJC_MSGSEND = YES;
				GCC_C_LANGUAGE_STANDARD = gnu11;
				GCC_NO_COMMON_BLOCKS = YES;
				GCC_WARN_64_TO_32_BIT_CONVERSION = YES;
				GCC_WARN_ABOUT_RETURN_TYPE = YES_ERROR;
				GCC_WARN_UNDECLARED_SELECTOR = YES;
				GCC_WARN_UNINITIALIZED_AUTOS = YES_AGGRESSIVE;
				GCC_WARN_UNUSED_FUNCTION = YES;
				GCC_WARN_UNUSED_VARIABLE = YES;
				MTL_ENABLE_DEBUG_INFO = NO;
				MTL_FAST_MATH = YES;
				SWIFT_COMPILATION_MODE = wholemodule;
				SWIFT_OPTIMIZATION_LEVEL = "-O";
			};
			name = Release;
		};
		ECE973702AB2099C00E4F036 /* Debug */ = {
			isa = XCBuildConfiguration;
			buildSettings = {
				ASSETCATALOG_COMPILER_APPICON_NAME = AppIcon;
				ASSETCATALOG_COMPILER_GLOBAL_ACCENT_COLOR_NAME = AccentColor;
				CODE_SIGN_ENTITLEMENTS = PokemonLists/Common/Entitlements/PokemonLists.entitlements;
				CODE_SIGN_STYLE = Automatic;
				CURRENT_PROJECT_VERSION = 1;
				DEVELOPMENT_ASSET_PATHS = "\"PokemonLists/Preview Content\"";
				DEVELOPMENT_TEAM = 6M5M727687;
				ENABLE_HARDENED_RUNTIME = YES;
				ENABLE_PREVIEWS = YES;
				GENERATE_INFOPLIST_FILE = YES;
				"INFOPLIST_KEY_UIApplicationSceneManifest_Generation[sdk=iphoneos*]" = YES;
				"INFOPLIST_KEY_UIApplicationSceneManifest_Generation[sdk=iphonesimulator*]" = YES;
				"INFOPLIST_KEY_UIApplicationSupportsIndirectInputEvents[sdk=iphoneos*]" = YES;
				"INFOPLIST_KEY_UIApplicationSupportsIndirectInputEvents[sdk=iphonesimulator*]" = YES;
				"INFOPLIST_KEY_UILaunchScreen_Generation[sdk=iphoneos*]" = YES;
				"INFOPLIST_KEY_UILaunchScreen_Generation[sdk=iphonesimulator*]" = YES;
				"INFOPLIST_KEY_UIStatusBarStyle[sdk=iphoneos*]" = UIStatusBarStyleDefault;
				"INFOPLIST_KEY_UIStatusBarStyle[sdk=iphonesimulator*]" = UIStatusBarStyleDefault;
				INFOPLIST_KEY_UISupportedInterfaceOrientations_iPad = "UIInterfaceOrientationPortrait UIInterfaceOrientationPortraitUpsideDown UIInterfaceOrientationLandscapeLeft UIInterfaceOrientationLandscapeRight";
				INFOPLIST_KEY_UISupportedInterfaceOrientations_iPhone = "UIInterfaceOrientationPortrait UIInterfaceOrientationLandscapeLeft UIInterfaceOrientationLandscapeRight";
				IPHONEOS_DEPLOYMENT_TARGET = 16.4;
				LD_RUNPATH_SEARCH_PATHS = "@executable_path/Frameworks";
				"LD_RUNPATH_SEARCH_PATHS[sdk=macosx*]" = "@executable_path/../Frameworks";
				MACOSX_DEPLOYMENT_TARGET = 13.3;
				MARKETING_VERSION = 1.0;
				PRODUCT_BUNDLE_IDENTIFIER = com.example.PokemonLists;
				PRODUCT_NAME = "$(TARGET_NAME)";
				SDKROOT = auto;
				SUPPORTED_PLATFORMS = "iphoneos iphonesimulator macosx";
				SWIFT_EMIT_LOC_STRINGS = YES;
				SWIFT_VERSION = 5.0;
				TARGETED_DEVICE_FAMILY = "1,2";
			};
			name = Debug;
		};
		ECE973712AB2099C00E4F036 /* Release */ = {
			isa = XCBuildConfiguration;
			buildSettings = {
				ASSETCATALOG_COMPILER_APPICON_NAME = AppIcon;
				ASSETCATALOG_COMPILER_GLOBAL_ACCENT_COLOR_NAME = AccentColor;
				CODE_SIGN_ENTITLEMENTS = PokemonLists/Common/Entitlements/PokemonLists.entitlements;
				CODE_SIGN_STYLE = Automatic;
				CURRENT_PROJECT_VERSION = 1;
				DEVELOPMENT_ASSET_PATHS = "\"PokemonLists/Preview Content\"";
				DEVELOPMENT_TEAM = 6M5M727687;
				ENABLE_HARDENED_RUNTIME = YES;
				ENABLE_PREVIEWS = YES;
				GENERATE_INFOPLIST_FILE = YES;
				"INFOPLIST_KEY_UIApplicationSceneManifest_Generation[sdk=iphoneos*]" = YES;
				"INFOPLIST_KEY_UIApplicationSceneManifest_Generation[sdk=iphonesimulator*]" = YES;
				"INFOPLIST_KEY_UIApplicationSupportsIndirectInputEvents[sdk=iphoneos*]" = YES;
				"INFOPLIST_KEY_UIApplicationSupportsIndirectInputEvents[sdk=iphonesimulator*]" = YES;
				"INFOPLIST_KEY_UILaunchScreen_Generation[sdk=iphoneos*]" = YES;
				"INFOPLIST_KEY_UILaunchScreen_Generation[sdk=iphonesimulator*]" = YES;
				"INFOPLIST_KEY_UIStatusBarStyle[sdk=iphoneos*]" = UIStatusBarStyleDefault;
				"INFOPLIST_KEY_UIStatusBarStyle[sdk=iphonesimulator*]" = UIStatusBarStyleDefault;
				INFOPLIST_KEY_UISupportedInterfaceOrientations_iPad = "UIInterfaceOrientationPortrait UIInterfaceOrientationPortraitUpsideDown UIInterfaceOrientationLandscapeLeft UIInterfaceOrientationLandscapeRight";
				INFOPLIST_KEY_UISupportedInterfaceOrientations_iPhone = "UIInterfaceOrientationPortrait UIInterfaceOrientationLandscapeLeft UIInterfaceOrientationLandscapeRight";
				IPHONEOS_DEPLOYMENT_TARGET = 16.4;
				LD_RUNPATH_SEARCH_PATHS = "@executable_path/Frameworks";
				"LD_RUNPATH_SEARCH_PATHS[sdk=macosx*]" = "@executable_path/../Frameworks";
				MACOSX_DEPLOYMENT_TARGET = 13.3;
				MARKETING_VERSION = 1.0;
				PRODUCT_BUNDLE_IDENTIFIER = com.example.PokemonLists;
				PRODUCT_NAME = "$(TARGET_NAME)";
				SDKROOT = auto;
				SUPPORTED_PLATFORMS = "iphoneos iphonesimulator macosx";
				SWIFT_EMIT_LOC_STRINGS = YES;
				SWIFT_VERSION = 5.0;
				TARGETED_DEVICE_FAMILY = "1,2";
			};
			name = Release;
		};
		ECE973832AB209DA00E4F036 /* Debug */ = {
			isa = XCBuildConfiguration;
			buildSettings = {
				BUNDLE_LOADER = "$(TEST_HOST)";
				CODE_SIGN_STYLE = Automatic;
				CURRENT_PROJECT_VERSION = 1;
				DEVELOPMENT_TEAM = 6M5M727687;
				GENERATE_INFOPLIST_FILE = YES;
				IPHONEOS_DEPLOYMENT_TARGET = 16.4;
				MARKETING_VERSION = 1.0;
				PRODUCT_BUNDLE_IDENTIFIER = com.example.PokemonListsTests;
				PRODUCT_NAME = "$(TARGET_NAME)";
				SDKROOT = iphoneos;
				SWIFT_EMIT_LOC_STRINGS = NO;
				SWIFT_VERSION = 5.0;
				TARGETED_DEVICE_FAMILY = "1,2";
				TEST_HOST = "$(BUILT_PRODUCTS_DIR)/PokemonLists.app/$(BUNDLE_EXECUTABLE_FOLDER_PATH)/PokemonLists";
			};
			name = Debug;
		};
		ECE973842AB209DA00E4F036 /* Release */ = {
			isa = XCBuildConfiguration;
			buildSettings = {
				BUNDLE_LOADER = "$(TEST_HOST)";
				CODE_SIGN_STYLE = Automatic;
				CURRENT_PROJECT_VERSION = 1;
				DEVELOPMENT_TEAM = 6M5M727687;
				GENERATE_INFOPLIST_FILE = YES;
				IPHONEOS_DEPLOYMENT_TARGET = 16.4;
				MARKETING_VERSION = 1.0;
				PRODUCT_BUNDLE_IDENTIFIER = com.example.PokemonListsTests;
				PRODUCT_NAME = "$(TARGET_NAME)";
				SDKROOT = iphoneos;
				SWIFT_EMIT_LOC_STRINGS = NO;
				SWIFT_VERSION = 5.0;
				TARGETED_DEVICE_FAMILY = "1,2";
				TEST_HOST = "$(BUILT_PRODUCTS_DIR)/PokemonLists.app/$(BUNDLE_EXECUTABLE_FOLDER_PATH)/PokemonLists";
				VALIDATE_PRODUCT = YES;
			};
			name = Release;
		};
/* End XCBuildConfiguration section */

/* Begin XCConfigurationList section */
		ECE973402AB2099A00E4F036 /* Build configuration list for PBXProject "PokemonLists" */ = {
			isa = XCConfigurationList;
			buildConfigurations = (
				ECE9736D2AB2099C00E4F036 /* Debug */,
				ECE9736E2AB2099C00E4F036 /* Release */,
			);
			defaultConfigurationIsVisible = 0;
			defaultConfigurationName = Release;
		};
		ECE9736F2AB2099C00E4F036 /* Build configuration list for PBXNativeTarget "PokemonLists" */ = {
			isa = XCConfigurationList;
			buildConfigurations = (
				ECE973702AB2099C00E4F036 /* Debug */,
				ECE973712AB2099C00E4F036 /* Release */,
			);
			defaultConfigurationIsVisible = 0;
			defaultConfigurationName = Release;
		};
		ECE973822AB209DA00E4F036 /* Build configuration list for PBXNativeTarget "PokemonListsTests" */ = {
			isa = XCConfigurationList;
			buildConfigurations = (
				ECE973832AB209DA00E4F036 /* Debug */,
				ECE973842AB209DA00E4F036 /* Release */,
			);
			defaultConfigurationIsVisible = 0;
			defaultConfigurationName = Release;
		};
/* End XCConfigurationList section */

/* Begin XCSwiftPackageProductDependency section */
		ECE973A92AB2C25800E4F036 /* PokemonDataSource */ = {
			isa = XCSwiftPackageProductDependency;
			productName = PokemonDataSource;
		};
		ECE973AB2AB2C25800E4F036 /* PokemonExtensions */ = {
			isa = XCSwiftPackageProductDependency;
			productName = PokemonExtensions;
		};
/* End XCSwiftPackageProductDependency section */
	};
	rootObject = ECE9733D2AB2099A00E4F036 /* Project object */;
}
